
Microsoft Visual Studio Solution File, Format Version 12.00
# Visual Studio Version 16
VisualStudioVersion = 16.0.29418.71
MinimumVisualStudioVersion = 10.0.40219.1
Project("{9A19103F-16F7-4668-BE54-9A1E7A4F7556}") = "SwimTraining-API", "SwimTraining-API\SwimTraining-API.csproj", "{F86D99E2-7AB0-4DCD-8AD1-6E7C37E1EC44}"
EndProject
Project("{2150E333-8FDC-42A3-9474-1A3956D46DE8}") = "Solution Items", "Solution Items", "{0ED4C6A2-CF85-4420-AF6E-F645FBCE676E}"
	ProjectSection(SolutionItems) = preProject
		.gitignore = .gitignore
	EndProjectSection
EndProject
Project("{FAE04EC0-301F-11D3-BF4B-00C04F79EFBC}") = "SwimTraining.Domain", "SwimTraining.Domain\SwimTraining.Domain.csproj", "{1A2C2D6A-A1C9-480F-AEED-FBA8B8FC4F2C}"
EndProject
Project("{FAE04EC0-301F-11D3-BF4B-00C04F79EFBC}") = "SwimTraining.Application.PrimaryAdapters", "SwimTraining.Application.PrimaryAdapters\SwimTraining.Application.PrimaryAdapters.csproj", "{8EF8FCBD-BA81-414B-9C1A-FEC535FB5E65}"
EndProject
Project("{FAE04EC0-301F-11D3-BF4B-00C04F79EFBC}") = "SwimTraining.Application.SecondaryPorts", "SwimTraining.Application.SecondaryPorts\SwimTraining.Application.SecondaryPorts.csproj", "{0C8C507E-4D9D-4A83-8CAA-BDA4C48E4383}"
EndProject
Project("{9A19103F-16F7-4668-BE54-9A1E7A4F7556}") = "SwimTraining.Application.PrimaryAdapters.Test", "SwimTraining.Application.PrimaryAdapters.Test\SwimTraining.Application.PrimaryAdapters.Test.csproj", "{27C08ECB-CFD0-47F0-9111-39C98178CEB0}"
EndProject
Project("{9A19103F-16F7-4668-BE54-9A1E7A4F7556}") = "SwimTraining.Infraestructure.SecondaryAdapters.Test", "SwimTraining.Infraestructure.SecondaryAdapters.Test\SwimTraining.Infraestructure.SecondaryAdapters.Test.csproj", "{567AF991-C0D3-47A5-92A1-9AC01DB560ED}"
EndProject
Project("{9A19103F-16F7-4668-BE54-9A1E7A4F7556}") = "Infraestructure.Database", "Infraestructure.Database\Infraestructure.Database.csproj", "{1A871AC2-B11C-4E71-B01A-DA8CC0498C9B}"
EndProject
Project("{FAE04EC0-301F-11D3-BF4B-00C04F79EFBC}") = "SwimTraining.Infraestructure.SecondaryAdapters", "SwimTraining.Infraestructure.SecondaryAdapters\SwimTraining.Infraestructure.SecondaryAdapters.csproj", "{5A49F0BB-D6FF-4B8E-A788-F5538956A397}"
EndProject
Global
	GlobalSection(SolutionConfigurationPlatforms) = preSolution
		Debug|Any CPU = Debug|Any CPU
		Release|Any CPU = Release|Any CPU
	EndGlobalSection
	GlobalSection(ProjectConfigurationPlatforms) = postSolution
		{F86D99E2-7AB0-4DCD-8AD1-6E7C37E1EC44}.Debug|Any CPU.ActiveCfg = Debug|Any CPU
		{F86D99E2-7AB0-4DCD-8AD1-6E7C37E1EC44}.Debug|Any CPU.Build.0 = Debug|Any CPU
		{F86D99E2-7AB0-4DCD-8AD1-6E7C37E1EC44}.Release|Any CPU.ActiveCfg = Release|Any CPU
		{F86D99E2-7AB0-4DCD-8AD1-6E7C37E1EC44}.Release|Any CPU.Build.0 = Release|Any CPU
		{1A2C2D6A-A1C9-480F-AEED-FBA8B8FC4F2C}.Debug|Any CPU.ActiveCfg = Debug|Any CPU
		{1A2C2D6A-A1C9-480F-AEED-FBA8B8FC4F2C}.Debug|Any CPU.Build.0 = Debug|Any CPU
		{1A2C2D6A-A1C9-480F-AEED-FBA8B8FC4F2C}.Release|Any CPU.ActiveCfg = Release|Any CPU
		{1A2C2D6A-A1C9-480F-AEED-FBA8B8FC4F2C}.Release|Any CPU.Build.0 = Release|Any CPU
		{8EF8FCBD-BA81-414B-9C1A-FEC535FB5E65}.Debug|Any CPU.ActiveCfg = Debug|Any CPU
		{8EF8FCBD-BA81-414B-9C1A-FEC535FB5E65}.Debug|Any CPU.Build.0 = Debug|Any CPU
		{8EF8FCBD-BA81-414B-9C1A-FEC535FB5E65}.Release|Any CPU.ActiveCfg = Release|Any CPU
		{8EF8FCBD-BA81-414B-9C1A-FEC535FB5E65}.Release|Any CPU.Build.0 = Release|Any CPU
		{0C8C507E-4D9D-4A83-8CAA-BDA4C48E4383}.Debug|Any CPU.ActiveCfg = Debug|Any CPU
		{0C8C507E-4D9D-4A83-8CAA-BDA4C48E4383}.Debug|Any CPU.Build.0 = Debug|Any CPU
		{0C8C507E-4D9D-4A83-8CAA-BDA4C48E4383}.Release|Any CPU.ActiveCfg = Release|Any CPU
		{0C8C507E-4D9D-4A83-8CAA-BDA4C48E4383}.Release|Any CPU.Build.0 = Release|Any CPU
		{27C08ECB-CFD0-47F0-9111-39C98178CEB0}.Debug|Any CPU.ActiveCfg = Debug|Any CPU
		{27C08ECB-CFD0-47F0-9111-39C98178CEB0}.Debug|Any CPU.Build.0 = Debug|Any CPU
		{27C08ECB-CFD0-47F0-9111-39C98178CEB0}.Release|Any CPU.ActiveCfg = Release|Any CPU
		{27C08ECB-CFD0-47F0-9111-39C98178CEB0}.Release|Any CPU.Build.0 = Release|Any CPU
		{567AF991-C0D3-47A5-92A1-9AC01DB560ED}.Debug|Any CPU.ActiveCfg = Debug|Any CPU
		{567AF991-C0D3-47A5-92A1-9AC01DB560ED}.Debug|Any CPU.Build.0 = Debug|Any CPU
		{567AF991-C0D3-47A5-92A1-9AC01DB560ED}.Release|Any CPU.ActiveCfg = Release|Any CPU
		{567AF991-C0D3-47A5-92A1-9AC01DB560ED}.Release|Any CPU.Build.0 = Release|Any CPU
		{1A871AC2-B11C-4E71-B01A-DA8CC0498C9B}.Debug|Any CPU.ActiveCfg = Debug|Any CPU
		{1A871AC2-B11C-4E71-B01A-DA8CC0498C9B}.Debug|Any CPU.Build.0 = Debug|Any CPU
		{1A871AC2-B11C-4E71-B01A-DA8CC0498C9B}.Release|Any CPU.ActiveCfg = Release|Any CPU
		{1A871AC2-B11C-4E71-B01A-DA8CC0498C9B}.Release|Any CPU.Build.0 = Release|Any CPU
		{5A49F0BB-D6FF-4B8E-A788-F5538956A397}.Debug|Any CPU.ActiveCfg = Debug|Any CPU
		{5A49F0BB-D6FF-4B8E-A788-F5538956A397}.Debug|Any CPU.Build.0 = Debug|Any CPU
		{5A49F0BB-D6FF-4B8E-A788-F5538956A397}.Release|Any CPU.ActiveCfg = Release|Any CPU
		{5A49F0BB-D6FF-4B8E-A788-F5538956A397}.Release|Any CPU.Build.0 = Release|Any CPU
	EndGlobalSection
	GlobalSection(SolutionProperties) = preSolution
		HideSolutionNode = FALSE
	EndGlobalSection
	GlobalSection(ExtensibilityGlobals) = postSolution
		SolutionGuid = {A1CCD658-4433-48C7-A71E-285A0195C49C}
	EndGlobalSection
EndGlobal
